
Microsoft Visual Studio Solution File, Format Version 12.00
# Visual Studio Version 16
VisualStudioVersion = 16.0.30717.126
MinimumVisualStudioVersion = 10.0.40219.1
Project("{9A19103F-16F7-4668-BE54-9A1E7A4F7556}") = "SchoolDetails", "SchoolDetails\SchoolDetails.csproj", "{4FC2C82A-64B3-484D-A20B-B4CF31117521}"
EndProject
Project("{9A19103F-16F7-4668-BE54-9A1E7A4F7556}") = "SchoolDetails.Data", "SchoolDetails.Data\SchoolDetails.Data.csproj", "{59A5B0E7-9134-46C2-B150-C73358C3741A}"
EndProject
Project("{9A19103F-16F7-4668-BE54-9A1E7A4F7556}") = "SchoolDetails.Models", "SchoolDetails.Models\SchoolDetails.Models.csproj", "{BFE6C74A-12C7-4652-869D-4D5BA00A7667}"
EndProject
Project("{9A19103F-16F7-4668-BE54-9A1E7A4F7556}") = "SchoolDetails.Repository", "SchoolDetails.Repository\SchoolDetails.Repository.csproj", "{3A427A37-7C92-4404-8E93-3383D431F037}"
EndProject
Project("{9A19103F-16F7-4668-BE54-9A1E7A4F7556}") = "SchoolDetails.XUnitTest", "SchoolDetails.XUnitTest\SchoolDetails.XUnitTest.csproj", "{703F7E97-389C-437F-9829-EB01A43DDD62}"
EndProject
Project("{151D2E53-A2C4-4D7D-83FE-D05416EBD58E}") = "AzureResourceGroup1", "AzureResourceGroup1\AzureResourceGroup1.deployproj", "{5E46B4CC-8BAF-49B4-8A88-645911FBBF2C}"
EndProject
Global
	GlobalSection(SolutionConfigurationPlatforms) = preSolution
		Debug|Any CPU = Debug|Any CPU
		Release|Any CPU = Release|Any CPU
	EndGlobalSection
	GlobalSection(ProjectConfigurationPlatforms) = postSolution
		{4FC2C82A-64B3-484D-A20B-B4CF31117521}.Debug|Any CPU.ActiveCfg = Debug|Any CPU
		{4FC2C82A-64B3-484D-A20B-B4CF31117521}.Debug|Any CPU.Build.0 = Debug|Any CPU
		{4FC2C82A-64B3-484D-A20B-B4CF31117521}.Release|Any CPU.ActiveCfg = Release|Any CPU
		{4FC2C82A-64B3-484D-A20B-B4CF31117521}.Release|Any CPU.Build.0 = Release|Any CPU
		{59A5B0E7-9134-46C2-B150-C73358C3741A}.Debug|Any CPU.ActiveCfg = Debug|Any CPU
		{59A5B0E7-9134-46C2-B150-C73358C3741A}.Debug|Any CPU.Build.0 = Debug|Any CPU
		{59A5B0E7-9134-46C2-B150-C73358C3741A}.Release|Any CPU.ActiveCfg = Release|Any CPU
		{59A5B0E7-9134-46C2-B150-C73358C3741A}.Release|Any CPU.Build.0 = Release|Any CPU
		{BFE6C74A-12C7-4652-869D-4D5BA00A7667}.Debug|Any CPU.ActiveCfg = Debug|Any CPU
		{BFE6C74A-12C7-4652-869D-4D5BA00A7667}.Debug|Any CPU.Build.0 = Debug|Any CPU
		{BFE6C74A-12C7-4652-869D-4D5BA00A7667}.Release|Any CPU.ActiveCfg = Release|Any CPU
		{BFE6C74A-12C7-4652-869D-4D5BA00A7667}.Release|Any CPU.Build.0 = Release|Any CPU
		{3A427A37-7C92-4404-8E93-3383D431F037}.Debug|Any CPU.ActiveCfg = Debug|Any CPU
		{3A427A37-7C92-4404-8E93-3383D431F037}.Debug|Any CPU.Build.0 = Debug|Any CPU
		{3A427A37-7C92-4404-8E93-3383D431F037}.Release|Any CPU.ActiveCfg = Release|Any CPU
		{3A427A37-7C92-4404-8E93-3383D431F037}.Release|Any CPU.Build.0 = Release|Any CPU
		{703F7E97-389C-437F-9829-EB01A43DDD62}.Debug|Any CPU.ActiveCfg = Debug|Any CPU
		{703F7E97-389C-437F-9829-EB01A43DDD62}.Debug|Any CPU.Build.0 = Debug|Any CPU
		{703F7E97-389C-437F-9829-EB01A43DDD62}.Release|Any CPU.ActiveCfg = Release|Any CPU
		{703F7E97-389C-437F-9829-EB01A43DDD62}.Release|Any CPU.Build.0 = Release|Any CPU
		{5E46B4CC-8BAF-49B4-8A88-645911FBBF2C}.Debug|Any CPU.ActiveCfg = Debug|Any CPU
		{5E46B4CC-8BAF-49B4-8A88-645911FBBF2C}.Debug|Any CPU.Build.0 = Debug|Any CPU
		{5E46B4CC-8BAF-49B4-8A88-645911FBBF2C}.Release|Any CPU.ActiveCfg = Release|Any CPU
		{5E46B4CC-8BAF-49B4-8A88-645911FBBF2C}.Release|Any CPU.Build.0 = Release|Any CPU
	EndGlobalSection
	GlobalSection(SolutionProperties) = preSolution
		HideSolutionNode = FALSE
	EndGlobalSection
	GlobalSection(ExtensibilityGlobals) = postSolution
		SolutionGuid = {9632D638-EB05-43C4-B0A4-157969D6A686}
	EndGlobalSection
EndGlobal
